// !$*UTF8*$!
{
	archiveVersion = 1;
	classes = {
	};
	objectVersion = 46;
	objects = {

/* Begin PBXBuildFile section */
		2846F6651DDCD047005E0ABF /* AppDelegate.swift in Sources */ = {isa = PBXBuildFile; fileRef = 2846F6641DDCD047005E0ABF /* AppDelegate.swift */; };
		2846F6671DDCD047005E0ABF /* ViewController.swift in Sources */ = {isa = PBXBuildFile; fileRef = 2846F6661DDCD047005E0ABF /* ViewController.swift */; };
		2846F66A1DDCD047005E0ABF /* Main.storyboard in Resources */ = {isa = PBXBuildFile; fileRef = 2846F6681DDCD047005E0ABF /* Main.storyboard */; };
		2846F66C1DDCD047005E0ABF /* Assets.xcassets in Resources */ = {isa = PBXBuildFile; fileRef = 2846F66B1DDCD047005E0ABF /* Assets.xcassets */; };
		2846F66F1DDCD047005E0ABF /* LaunchScreen.storyboard in Resources */ = {isa = PBXBuildFile; fileRef = 2846F66D1DDCD047005E0ABF /* LaunchScreen.storyboard */; };
/* End PBXBuildFile section */

/* Begin PBXFileReference section */
		2846F6611DDCD047005E0ABF /* TAAS.app */ = {isa = PBXFileReference; explicitFileType = wrapper.application; includeInIndex = 0; path = TAAS.app; sourceTree = BUILT_PRODUCTS_DIR; };
		2846F6641DDCD047005E0ABF /* AppDelegate.swift */ = {isa = PBXFileReference; lastKnownFileType = sourcecode.swift; path = AppDelegate.swift; sourceTree = "<group>"; };
		2846F6661DDCD047005E0ABF /* ViewController.swift */ = {isa = PBXFileReference; lastKnownFileType = sourcecode.swift; path = ViewController.swift; sourceTree = "<group>"; };
		2846F6691DDCD047005E0ABF /* Base */ = {isa = PBXFileReference; lastKnownFileType = file.storyboard; name = Base; path = Base.lproj/Main.storyboard; sourceTree = "<group>"; };
		2846F66B1DDCD047005E0ABF /* Assets.xcassets */ = {isa = PBXFileReference; lastKnownFileType = folder.assetcatalog; path = Assets.xcassets; sourceTree = "<group>"; };
		2846F66E1DDCD047005E0ABF /* Base */ = {isa = PBXFileReference; lastKnownFileType = file.storyboard; name = Base; path = Base.lproj/LaunchScreen.storyboard; sourceTree = "<group>"; };
		2846F6701DDCD047005E0ABF /* Info.plist */ = {isa = PBXFileReference; lastKnownFileType = text.plist.xml; path = Info.plist; sourceTree = "<group>"; };
/* End PBXFileReference section */

/* Begin PBXFrameworksBuildPhase section */
		2846F65E1DDCD047005E0ABF /* Frameworks */ = {
			isa = PBXFrameworksBuildPhase;
			buildActionMask = 2147483647;
			files = (
			);
			runOnlyForDeploymentPostprocessing = 0;
		};
/* End PBXFrameworksBuildPhase section */

/* Begin PBXGroup section */
		2846F6581DDCD047005E0ABF = {
			isa = PBXGroup;
			children = (
				2846F6631DDCD047005E0ABF /* TAAS */,
				2846F6621DDCD047005E0ABF /* Products */,
			);
			sourceTree = "<group>";
		};
		2846F6621DDCD047005E0ABF /* Products */ = {
			isa = PBXGroup;
			children = (
				2846F6611DDCD047005E0ABF /* TAAS.app */,
			);
			name = Products;
			sourceTree = "<group>";
		};
		2846F6631DDCD047005E0ABF /* TAAS */ = {
			isa = PBXGroup;
			children = (
				2846F6641DDCD047005E0ABF /* AppDelegate.swift */,
				2846F6661DDCD047005E0ABF /* ViewController.swift */,
				2846F6681DDCD047005E0ABF /* Main.storyboard */,
				2846F66B1DDCD047005E0ABF /* Assets.xcassets */,
				2846F66D1DDCD047005E0ABF /* LaunchScreen.storyboard */,
				2846F6701DDCD047005E0ABF /* Info.plist */,
			);
			path = TAAS;
			sourceTree = "<group>";
		};
/* End PBXGroup section */

/* Begin PBXNativeTarget section */
		2846F6601DDCD047005E0ABF /* TAAS */ = {
			isa = PBXNativeTarget;
			buildConfigurationList = 2846F6731DDCD047005E0ABF /* Build configuration list for PBXNativeTarget "TAAS" */;
			buildPhases = (
				2846F65D1DDCD047005E0ABF /* Sources */,
				2846F65E1DDCD047005E0ABF /* Frameworks */,
				2846F65F1DDCD047005E0ABF /* Resources */,
			);
			buildRules = (
			);
			dependencies = (
			);
			name = TAAS;
			productName = TAAS;
			productReference = 2846F6611DDCD047005E0ABF /* TAAS.app */;
			productType = "com.apple.product-type.application";
		};
/* End PBXNativeTarget section */

/* Begin PBXProject section */
		2846F6591DDCD047005E0ABF /* Project object */ = {
			isa = PBXProject;
			attributes = {
				LastSwiftUpdateCheck = 0730;
				LastUpgradeCheck = 0730;
				ORGANIZATIONNAME = SR;
				TargetAttributes = {
					2846F6601DDCD047005E0ABF = {
						CreatedOnToolsVersion = 7.3.1;
					};
				};
			};
			buildConfigurationList = 2846F65C1DDCD047005E0ABF /* Build configuration list for PBXProject "TAAS" */;
			compatibilityVersion = "Xcode 3.2";
			developmentRegion = English;
			hasScannedForEncodings = 0;
			knownRegions = (
				en,
				Base,
			);
			mainGroup = 2846F6581DDCD047005E0ABF;
			productRefGroup = 2846F6621DDCD047005E0ABF /* Products */;
			projectDirPath = "";
			projectRoot = "";
			targets = (
				2846F6601DDCD047005E0ABF /* TAAS */,
			);
		};
/* End PBXProject section */

/* Begin PBXResourcesBuildPhase section */
		2846F65F1DDCD047005E0ABF /* Resources */ = {
			isa = PBXResourcesBuildPhase;
			buildActionMask = 2147483647;
			files = (
				2846F66F1DDCD047005E0ABF /* LaunchScreen.storyboard in Resources */,
				2846F66C1DDCD047005E0ABF /* Assets.xcassets in Resources */,
				2846F66A1DDCD047005E0ABF /* Main.storyboard in Resources */,
			);
			runOnlyForDeploymentPostprocessing = 0;
		};
/* End PBXResourcesBuildPhase section */

/* Begin PBXSourcesBuildPhase section */
		2846F65D1DDCD047005E0ABF /* Sources */ = {
			isa = PBXSourcesBuildPhase;
			buildActionMask = 2147483647;
			files = (
				2846F6671DDCD047005E0ABF /* ViewController.swift in Sources */,
				2846F6651DDCD047005E0ABF /* AppDelegate.swift in Sources */,
			);
			runOnlyForDeploymentPostprocessing = 0;
		};
/* End PBXSourcesBuildPhase section */

/* Begin PBXVariantGroup section */
		2846F6681DDCD047005E0ABF /* Main.storyboard */ = {
			isa = PBXVariantGroup;
			children = (
				2846F6691DDCD047005E0ABF /* Base */,
			);
			name = Main.storyboard;
			sourceTree = "<group>";
		};
		2846F66D1DDCD047005E0ABF /* LaunchScreen.storyboard */ = {
			isa = PBXVariantGroup;
			children = (
				2846F66E1DDCD047005E0ABF /* Base */,
			);
			name = LaunchScreen.storyboard;
			sourceTree = "<group>";
		};
/* End PBXVariantGroup section */

/* Begin XCBuildConfiguration section */
		2846F6711DDCD047005E0ABF /* Debug */ = {
			isa = XCBuildConfiguration;
			buildSettings = {
				ALWAYS_SEARCH_USER_PATHS = NO;
				CLANG_ANALYZER_NONNULL = YES;
				CLANG_CXX_LANGUAGE_STANDARD = "gnu++0x";
				CLANG_CXX_LIBRARY = "libc++";
				CLANG_ENABLE_MODULES = YES;
				CLANG_ENABLE_OBJC_ARC = YES;
				CLANG_WARN_BOOL_CONVERSION = YES;
				CLANG_WARN_CONSTANT_CONVERSION = YES;
				CLANG_WARN_DIRECT_OBJC_ISA_USAGE = YES_ERROR;
				CLANG_WARN_EMPTY_BODY = YES;
				CLANG_WARN_ENUM_CONVERSION = YES;
				CLANG_WARN_INT_CONVERSION = YES;
				CLANG_WARN_OBJC_ROOT_CLASS = YES_ERROR;
				CLANG_WARN_UNREACHABLE_CODE = YES;
				CLANG_WARN__DUPLICATE_METHOD_MATCH = YES;
				"CODE_SIGN_IDENTITY[sdk=iphoneos*]" = "iPhone Developer";
				COPY_PHASE_STRIP = NO;
				DEBUG_INFORMATION_FORMAT = dwarf;
				ENABLE_STRICT_OBJC_MSGSEND = YES;
				ENABLE_TESTABILITY = YES;
				GCC_C_LANGUAGE_STANDARD = gnu99;
				GCC_DYNAMIC_NO_PIC = NO;
				GCC_NO_COMMON_BLOCKS = YES;
				GCC_OPTIMIZATION_LEVEL = 0;
				GCC_PREPROCESSOR_DEFINITIONS = (
					"DEBUG=1",
					"$(inherited)",
				);
				GCC_WARN_64_TO_32_BIT_CONVERSION = YES;
				GCC_WARN_ABOUT_RETURN_TYPE = YES_ERROR;
				GCC_WARN_UNDECLARED_SELECTOR = YES;
				GCC_WARN_UNINITIALIZED_AUTOS = YES_AGGRESSIVE;
				GCC_WARN_UNUSED_FUNCTION = YES;
				GCC_WARN_UNUSED_VARIABLE = YES;
				IPHONEOS_DEPLOYMENT_TARGET = 9.3;
				MTL_ENABLE_DEBUG_INFO = YES;
				ONLY_ACTIVE_ARCH = YES;
				SDKROOT = iphoneos;
				SWIFT_OPTIMIZATION_LEVEL = "-Onone";
			};
			name = Debug;
		};
		2846F6721DDCD047005E0ABF /* Release */ = {
			isa = XCBuildConfiguration;
			buildSettings = {
				ALWAYS_SEARCH_USER_PATHS = NO;
				CLANG_ANALYZER_NONNULL = YES;
				CLANG_CXX_LANGUAGE_STANDARD = "gnu++0x";
				CLANG_CXX_LIBRARY = "libc++";
				CLANG_ENABLE_MODULES = YES;
				CLANG_ENABLE_OBJC_ARC = YES;
				CLANG_WARN_BOOL_CONVERSION = YES;
				CLANG_WARN_CONSTANT_CONVERSION = YES;
				CLANG_WARN_DIRECT_OBJC_ISA_USAGE = YES_ERROR;
				CLANG_WARN_EMPTY_BODY = YES;
				CLANG_WARN_ENUM_CONVERSION = YES;
				CLANG_WARN_INT_CONVERSION = YES;
				CLANG_WARN_OBJC_ROOT_CLASS = YES_ERROR;
				CLANG_WARN_UNREACHABLE_CODE = YES;
				CLANG_WARN__DUPLICATE_METHOD_MATCH = YES;
				"CODE_SIGN_IDENTITY[sdk=iphoneos*]" = "iPhone Developer";
				COPY_PHASE_STRIP = NO;
				DEBUG_INFORMATION_FORMAT = "dwarf-with-dsym";
				ENABLE_NS_ASSERTIONS = NO;
				ENABLE_STRICT_OBJC_MSGSEND = YES;
				GCC_C_LANGUAGE_STANDARD = gnu99;
				GCC_NO_COMMON_BLOCKS = YES;
				GCC_WARN_64_TO_32_BIT_CONVERSION = YES;
				GCC_WARN_ABOUT_RETURN_TYPE = YES_ERROR;
				GCC_WARN_UNDECLARED_SELECTOR = YES;
				GCC_WARN_UNINITIALIZED_AUTOS = YES_AGGRESSIVE;
				GCC_WARN_UNUSED_FUNCTION = YES;
				GCC_WARN_UNUSED_VARIABLE = YES;
				IPHONEOS_DEPLOYMENT_TARGET = 9.3;
				MTL_ENABLE_DEBUG_INFO = NO;
				SDKROOT = iphoneos;
				VALIDATE_PRODUCT = YES;
			};
			name = Release;
		};
		2846F6741DDCD047005E0ABF /* Debug */ = {
			isa = XCBuildConfiguration;
			buildSettings = {
				ASSETCATALOG_COMPILER_APPICON_NAME = AppIcon;
				INFOPLIST_FILE = TAAS/Info.plist;
				LD_RUNPATH_SEARCH_PATHS = "$(inherited) @executable_path/Frameworks";
				PRODUCT_BUNDLE_IDENTIFIER = com.MyCompany.TAAS;
				PRODUCT_NAME = "$(TARGET_NAME)";
			};
			name = Debug;
		};
		2846F6751DDCD047005E0ABF /* Release */ = {
			isa = XCBuildConfiguration;
			buildSettings = {
				ASSETCATALOG_COMPILER_APPICON_NAME = AppIcon;
				INFOPLIST_FILE = TAAS/Info.plist;
				LD_RUNPATH_SEARCH_PATHS = "$(inherited) @executable_path/Frameworks";
				PRODUCT_BUNDLE_IDENTIFIER = com.MyCompany.TAAS;
				PRODUCT_NAME = "$(TARGET_NAME)";
			};
			name = Release;
		};
/* End XCBuildConfiguration section */

/* Begin XCConfigurationList section */
		2846F65C1DDCD047005E0ABF /* Build configuration list for PBXProject "TAAS" */ = {
			isa = XCConfigurationList;
			buildConfigurations = (
				2846F6711DDCD047005E0ABF /* Debug */,
				2846F6721DDCD047005E0ABF /* Release */,
			);
			defaultConfigurationIsVisible = 0;
			defaultConfigurationName = Release;
		};
		2846F6731DDCD047005E0ABF /* Build configuration list for PBXNativeTarget "TAAS" */ = {
			isa = XCConfigurationList;
			buildConfigurations = (
				2846F6741DDCD047005E0ABF /* Debug */,
				2846F6751DDCD047005E0ABF /* Release */,
			);
			defaultConfigurationIsVisible = 0;
		};
/* End XCConfigurationList section */
	};
	rootObject = 2846F6591DDCD047005E0ABF /* Project object */;
}
